
Microsoft Visual Studio Solution File, Format Version 12.00
# Visual Studio Version 16
VisualStudioVersion = 16.0.29306.81
MinimumVisualStudioVersion = 10.0.40219.1
Project("{FAE04EC0-301F-11D3-BF4B-00C04F79EFBC}") = "16_IntroToWebDevelopment", "16_IntroToWebDevelopment\16_IntroToWebDevelopment.csproj", "{08AAAA1B-8D86-4CC1-B2FB-4C78FF20324C}"
EndProject
Global
	GlobalSection(SolutionConfigurationPlatforms) = preSolution
		Debug|Any CPU = Debug|Any CPU
		Release|Any CPU = Release|Any CPU
	EndGlobalSection
	GlobalSection(ProjectConfigurationPlatforms) = postSolution
		{08AAAA1B-8D86-4CC1-B2FB-4C78FF20324C}.Debug|Any CPU.ActiveCfg = Debug|Any CPU
		{08AAAA1B-8D86-4CC1-B2FB-4C78FF20324C}.Debug|Any CPU.Build.0 = Debug|Any CPU
		{08AAAA1B-8D86-4CC1-B2FB-4C78FF20324C}.Release|Any CPU.ActiveCfg = Release|Any CPU
		{08AAAA1B-8D86-4CC1-B2FB-4C78FF20324C}.Release|Any CPU.Build.0 = Release|Any CPU
	EndGlobalSection
	GlobalSection(SolutionProperties) = preSolution
		HideSolutionNode = FALSE
	EndGlobalSection
	GlobalSection(ExtensibilityGlobals) = postSolution
		SolutionGuid = {64117102-20B1-4FF5-95EA-684A78863E79}
	EndGlobalSection
EndGlobal
