
Microsoft Visual Studio Solution File, Format Version 12.00
# Visual Studio Version 16
VisualStudioVersion = 16.0.29306.81
MinimumVisualStudioVersion = 10.0.40219.1
Project("{FAE04EC0-301F-11D3-BF4B-00C04F79EFBC}") = "18_WebDev_Middleware", "18_WebDev_Middleware\18_WebDev_Middleware.csproj", "{B675280B-1494-440D-95BF-A573F85571F8}"
EndProject
Global
	GlobalSection(SolutionConfigurationPlatforms) = preSolution
		Debug|Any CPU = Debug|Any CPU
		Release|Any CPU = Release|Any CPU
	EndGlobalSection
	GlobalSection(ProjectConfigurationPlatforms) = postSolution
		{B675280B-1494-440D-95BF-A573F85571F8}.Debug|Any CPU.ActiveCfg = Debug|Any CPU
		{B675280B-1494-440D-95BF-A573F85571F8}.Debug|Any CPU.Build.0 = Debug|Any CPU
		{B675280B-1494-440D-95BF-A573F85571F8}.Release|Any CPU.ActiveCfg = Release|Any CPU
		{B675280B-1494-440D-95BF-A573F85571F8}.Release|Any CPU.Build.0 = Release|Any CPU
	EndGlobalSection
	GlobalSection(SolutionProperties) = preSolution
		HideSolutionNode = FALSE
	EndGlobalSection
	GlobalSection(ExtensibilityGlobals) = postSolution
		SolutionGuid = {59B7984E-101E-448F-82DE-4431492F7324}
	EndGlobalSection
EndGlobal
