
Microsoft Visual Studio Solution File, Format Version 12.00
# Visual Studio Version 16
VisualStudioVersion = 16.0.29306.81
MinimumVisualStudioVersion = 10.0.40219.1
Project("{FAE04EC0-301F-11D3-BF4B-00C04F79EFBC}") = "18_WebDev_Middleware", "18_WebDev_Middleware\18_WebDev_Middleware.csproj", "{D0650002-78AD-4406-9149-D020D68EDCB3}"
EndProject
Global
	GlobalSection(SolutionConfigurationPlatforms) = preSolution
		Debug|Any CPU = Debug|Any CPU
		Release|Any CPU = Release|Any CPU
	EndGlobalSection
	GlobalSection(ProjectConfigurationPlatforms) = postSolution
		{D0650002-78AD-4406-9149-D020D68EDCB3}.Debug|Any CPU.ActiveCfg = Debug|Any CPU
		{D0650002-78AD-4406-9149-D020D68EDCB3}.Debug|Any CPU.Build.0 = Debug|Any CPU
		{D0650002-78AD-4406-9149-D020D68EDCB3}.Release|Any CPU.ActiveCfg = Release|Any CPU
		{D0650002-78AD-4406-9149-D020D68EDCB3}.Release|Any CPU.Build.0 = Release|Any CPU
	EndGlobalSection
	GlobalSection(SolutionProperties) = preSolution
		HideSolutionNode = FALSE
	EndGlobalSection
	GlobalSection(ExtensibilityGlobals) = postSolution
		SolutionGuid = {1ED2337A-C855-4C73-A629-78043A78688C}
	EndGlobalSection
EndGlobal
