
Microsoft Visual Studio Solution File, Format Version 12.00
# Visual Studio Version 16
VisualStudioVersion = 16.0.29306.81
MinimumVisualStudioVersion = 10.0.40219.1
Project("{FAE04EC0-301F-11D3-BF4B-00C04F79EFBC}") = "05_Loops", "05_Loops\05_Loops.csproj", "{BD2EE164-33FA-475C-AA5C-9126BAB852AA}"
EndProject
Global
	GlobalSection(SolutionConfigurationPlatforms) = preSolution
		Debug|Any CPU = Debug|Any CPU
		Release|Any CPU = Release|Any CPU
	EndGlobalSection
	GlobalSection(ProjectConfigurationPlatforms) = postSolution
		{BD2EE164-33FA-475C-AA5C-9126BAB852AA}.Debug|Any CPU.ActiveCfg = Debug|Any CPU
		{BD2EE164-33FA-475C-AA5C-9126BAB852AA}.Debug|Any CPU.Build.0 = Debug|Any CPU
		{BD2EE164-33FA-475C-AA5C-9126BAB852AA}.Release|Any CPU.ActiveCfg = Release|Any CPU
		{BD2EE164-33FA-475C-AA5C-9126BAB852AA}.Release|Any CPU.Build.0 = Release|Any CPU
	EndGlobalSection
	GlobalSection(SolutionProperties) = preSolution
		HideSolutionNode = FALSE
	EndGlobalSection
	GlobalSection(ExtensibilityGlobals) = postSolution
		SolutionGuid = {452403AC-2A6F-4470-BD6F-FE4EC891C025}
	EndGlobalSection
EndGlobal
