
Microsoft Visual Studio Solution File, Format Version 12.00
# Visual Studio Version 16
VisualStudioVersion = 16.0.29306.81
MinimumVisualStudioVersion = 10.0.40219.1
Project("{FAE04EC0-301F-11D3-BF4B-00C04F79EFBC}") = "21_ViewModel_StronglyTypedViews", "21_ViewModel_StronglyTypedViews\21_ViewModel_StronglyTypedViews.csproj", "{B292E97C-0B7E-457B-A1AE-12307F08DBEB}"
EndProject
Global
	GlobalSection(SolutionConfigurationPlatforms) = preSolution
		Debug|Any CPU = Debug|Any CPU
		Release|Any CPU = Release|Any CPU
	EndGlobalSection
	GlobalSection(ProjectConfigurationPlatforms) = postSolution
		{B292E97C-0B7E-457B-A1AE-12307F08DBEB}.Debug|Any CPU.ActiveCfg = Debug|Any CPU
		{B292E97C-0B7E-457B-A1AE-12307F08DBEB}.Debug|Any CPU.Build.0 = Debug|Any CPU
		{B292E97C-0B7E-457B-A1AE-12307F08DBEB}.Release|Any CPU.ActiveCfg = Release|Any CPU
		{B292E97C-0B7E-457B-A1AE-12307F08DBEB}.Release|Any CPU.Build.0 = Release|Any CPU
	EndGlobalSection
	GlobalSection(SolutionProperties) = preSolution
		HideSolutionNode = FALSE
	EndGlobalSection
	GlobalSection(ExtensibilityGlobals) = postSolution
		SolutionGuid = {4082DEC2-3FAC-43BF-9ED1-1A78D99F5D9F}
	EndGlobalSection
EndGlobal
