
Microsoft Visual Studio Solution File, Format Version 12.00
# Visual Studio Version 16
VisualStudioVersion = 16.0.29306.81
MinimumVisualStudioVersion = 10.0.40219.1
Project("{FAE04EC0-301F-11D3-BF4B-00C04F79EFBC}") = "20_WebDev_MVC_ModelViewController", "20_WebDev_MVC_ModelViewController\20_WebDev_MVC_ModelViewController.csproj", "{4FAAFBEE-0B73-43C4-A13F-3727475905D8}"
EndProject
Global
	GlobalSection(SolutionConfigurationPlatforms) = preSolution
		Debug|Any CPU = Debug|Any CPU
		Release|Any CPU = Release|Any CPU
	EndGlobalSection
	GlobalSection(ProjectConfigurationPlatforms) = postSolution
		{4FAAFBEE-0B73-43C4-A13F-3727475905D8}.Debug|Any CPU.ActiveCfg = Debug|Any CPU
		{4FAAFBEE-0B73-43C4-A13F-3727475905D8}.Debug|Any CPU.Build.0 = Debug|Any CPU
		{4FAAFBEE-0B73-43C4-A13F-3727475905D8}.Release|Any CPU.ActiveCfg = Release|Any CPU
		{4FAAFBEE-0B73-43C4-A13F-3727475905D8}.Release|Any CPU.Build.0 = Release|Any CPU
	EndGlobalSection
	GlobalSection(SolutionProperties) = preSolution
		HideSolutionNode = FALSE
	EndGlobalSection
	GlobalSection(ExtensibilityGlobals) = postSolution
		SolutionGuid = {FF0E6F02-64B4-4664-AFDD-EBB15D97542A}
	EndGlobalSection
EndGlobal
