
Microsoft Visual Studio Solution File, Format Version 12.00
# Visual Studio Version 16
VisualStudioVersion = 16.0.29306.81
MinimumVisualStudioVersion = 10.0.40219.1
Project("{FAE04EC0-301F-11D3-BF4B-00C04F79EFBC}") = "28_WebDev_FileUpload", "28_WebDev_FileUpload\28_WebDev_FileUpload.csproj", "{B35A5E8B-5092-4EC5-8382-C7788B6EA79B}"
EndProject
Global
	GlobalSection(SolutionConfigurationPlatforms) = preSolution
		Debug|Any CPU = Debug|Any CPU
		Release|Any CPU = Release|Any CPU
	EndGlobalSection
	GlobalSection(ProjectConfigurationPlatforms) = postSolution
		{B35A5E8B-5092-4EC5-8382-C7788B6EA79B}.Debug|Any CPU.ActiveCfg = Debug|Any CPU
		{B35A5E8B-5092-4EC5-8382-C7788B6EA79B}.Debug|Any CPU.Build.0 = Debug|Any CPU
		{B35A5E8B-5092-4EC5-8382-C7788B6EA79B}.Release|Any CPU.ActiveCfg = Release|Any CPU
		{B35A5E8B-5092-4EC5-8382-C7788B6EA79B}.Release|Any CPU.Build.0 = Release|Any CPU
	EndGlobalSection
	GlobalSection(SolutionProperties) = preSolution
		HideSolutionNode = FALSE
	EndGlobalSection
	GlobalSection(ExtensibilityGlobals) = postSolution
		SolutionGuid = {561828FB-0413-41EB-B414-A35C570A6262}
	EndGlobalSection
EndGlobal
