
Microsoft Visual Studio Solution File, Format Version 12.00
# Visual Studio Version 16
VisualStudioVersion = 16.0.29306.81
MinimumVisualStudioVersion = 10.0.40219.1
Project("{FAE04EC0-301F-11D3-BF4B-00C04F79EFBC}") = "15_ExceptionHandling", "15_ExceptionHandling\15_ExceptionHandling.csproj", "{A65920FA-A055-4F7F-B0C0-C382490B03F3}"
EndProject
Global
	GlobalSection(SolutionConfigurationPlatforms) = preSolution
		Debug|Any CPU = Debug|Any CPU
		Release|Any CPU = Release|Any CPU
	EndGlobalSection
	GlobalSection(ProjectConfigurationPlatforms) = postSolution
		{A65920FA-A055-4F7F-B0C0-C382490B03F3}.Debug|Any CPU.ActiveCfg = Debug|Any CPU
		{A65920FA-A055-4F7F-B0C0-C382490B03F3}.Debug|Any CPU.Build.0 = Debug|Any CPU
		{A65920FA-A055-4F7F-B0C0-C382490B03F3}.Release|Any CPU.ActiveCfg = Release|Any CPU
		{A65920FA-A055-4F7F-B0C0-C382490B03F3}.Release|Any CPU.Build.0 = Release|Any CPU
	EndGlobalSection
	GlobalSection(SolutionProperties) = preSolution
		HideSolutionNode = FALSE
	EndGlobalSection
	GlobalSection(ExtensibilityGlobals) = postSolution
		SolutionGuid = {93609E36-CFEF-4B39-8D93-983739E54662}
	EndGlobalSection
EndGlobal
