
Microsoft Visual Studio Solution File, Format Version 12.00
# Visual Studio Version 16
VisualStudioVersion = 16.0.29306.81
MinimumVisualStudioVersion = 10.0.40219.1
Project("{FAE04EC0-301F-11D3-BF4B-00C04F79EFBC}") = "03_DatesAndTimes", "03_DatesAndTimes\03_DatesAndTimes.csproj", "{2786B030-1974-4C96-808C-8871F5BAA342}"
EndProject
Global
	GlobalSection(SolutionConfigurationPlatforms) = preSolution
		Debug|Any CPU = Debug|Any CPU
		Release|Any CPU = Release|Any CPU
	EndGlobalSection
	GlobalSection(ProjectConfigurationPlatforms) = postSolution
		{2786B030-1974-4C96-808C-8871F5BAA342}.Debug|Any CPU.ActiveCfg = Debug|Any CPU
		{2786B030-1974-4C96-808C-8871F5BAA342}.Debug|Any CPU.Build.0 = Debug|Any CPU
		{2786B030-1974-4C96-808C-8871F5BAA342}.Release|Any CPU.ActiveCfg = Release|Any CPU
		{2786B030-1974-4C96-808C-8871F5BAA342}.Release|Any CPU.Build.0 = Release|Any CPU
	EndGlobalSection
	GlobalSection(SolutionProperties) = preSolution
		HideSolutionNode = FALSE
	EndGlobalSection
	GlobalSection(ExtensibilityGlobals) = postSolution
		SolutionGuid = {7CE59A33-9521-4130-8A9C-3ABE88CA62B6}
	EndGlobalSection
EndGlobal
