
Microsoft Visual Studio Solution File, Format Version 12.00
# Visual Studio Version 16
VisualStudioVersion = 16.0.29306.81
MinimumVisualStudioVersion = 10.0.40219.1
Project("{FAE04EC0-301F-11D3-BF4B-00C04F79EFBC}") = "07_Methods", "07_Methods\07_Methods.csproj", "{FC249453-0D27-4215-978A-5D10B53DD6EB}"
EndProject
Global
	GlobalSection(SolutionConfigurationPlatforms) = preSolution
		Debug|Any CPU = Debug|Any CPU
		Release|Any CPU = Release|Any CPU
	EndGlobalSection
	GlobalSection(ProjectConfigurationPlatforms) = postSolution
		{FC249453-0D27-4215-978A-5D10B53DD6EB}.Debug|Any CPU.ActiveCfg = Debug|Any CPU
		{FC249453-0D27-4215-978A-5D10B53DD6EB}.Debug|Any CPU.Build.0 = Debug|Any CPU
		{FC249453-0D27-4215-978A-5D10B53DD6EB}.Release|Any CPU.ActiveCfg = Release|Any CPU
		{FC249453-0D27-4215-978A-5D10B53DD6EB}.Release|Any CPU.Build.0 = Release|Any CPU
	EndGlobalSection
	GlobalSection(SolutionProperties) = preSolution
		HideSolutionNode = FALSE
	EndGlobalSection
	GlobalSection(ExtensibilityGlobals) = postSolution
		SolutionGuid = {37B64EF0-49A6-405E-9D72-72DAA864741E}
	EndGlobalSection
EndGlobal
