
Microsoft Visual Studio Solution File, Format Version 12.00
# Visual Studio Version 16
VisualStudioVersion = 16.0.29306.81
MinimumVisualStudioVersion = 10.0.40219.1
Project("{FAE04EC0-301F-11D3-BF4B-00C04F79EFBC}") = "13_DesignPattern_Singleton", "13_DesignPattern_Singleton\13_DesignPattern_Singleton.csproj", "{1C70451D-0B16-49C7-9FC8-54BD43CEFD8C}"
EndProject
Global
	GlobalSection(SolutionConfigurationPlatforms) = preSolution
		Debug|Any CPU = Debug|Any CPU
		Release|Any CPU = Release|Any CPU
	EndGlobalSection
	GlobalSection(ProjectConfigurationPlatforms) = postSolution
		{1C70451D-0B16-49C7-9FC8-54BD43CEFD8C}.Debug|Any CPU.ActiveCfg = Debug|Any CPU
		{1C70451D-0B16-49C7-9FC8-54BD43CEFD8C}.Debug|Any CPU.Build.0 = Debug|Any CPU
		{1C70451D-0B16-49C7-9FC8-54BD43CEFD8C}.Release|Any CPU.ActiveCfg = Release|Any CPU
		{1C70451D-0B16-49C7-9FC8-54BD43CEFD8C}.Release|Any CPU.Build.0 = Release|Any CPU
	EndGlobalSection
	GlobalSection(SolutionProperties) = preSolution
		HideSolutionNode = FALSE
	EndGlobalSection
	GlobalSection(ExtensibilityGlobals) = postSolution
		SolutionGuid = {70CA4502-1298-45B9-B416-8EEDB7785238}
	EndGlobalSection
EndGlobal
